
Microsoft Visual Studio Solution File, Format Version 12.00
# Visual Studio Version 17
VisualStudioVersion = 17.9.34616.47
MinimumVisualStudioVersion = 10.0.40219.1
Project("{9A19103F-16F7-4668-BE54-9A1E7A4F7556}") = "Challenges", "Challenges\Challenges.csproj", "{2AB68F5A-256A-45E5-AC57-5F33C8F4DAB2}"
EndProject
Project("{FAE04EC0-301F-11D3-BF4B-00C04F79EFBC}") = "Challenges.UnitTests", "Challenges.UnitTests\Challenges.UnitTests.csproj", "{D003D9BF-CCE0-4DEF-BB90-6C7B1540E092}"
EndProject
Global
	GlobalSection(SolutionConfigurationPlatforms) = preSolution
		Debug|Any CPU = Debug|Any CPU
		Release|Any CPU = Release|Any CPU
	EndGlobalSection
	GlobalSection(ProjectConfigurationPlatforms) = postSolution
		{2AB68F5A-256A-45E5-AC57-5F33C8F4DAB2}.Debug|Any CPU.ActiveCfg = Debug|Any CPU
		{2AB68F5A-256A-45E5-AC57-5F33C8F4DAB2}.Debug|Any CPU.Build.0 = Debug|Any CPU
		{2AB68F5A-256A-45E5-AC57-5F33C8F4DAB2}.Release|Any CPU.ActiveCfg = Release|Any CPU
		{2AB68F5A-256A-45E5-AC57-5F33C8F4DAB2}.Release|Any CPU.Build.0 = Release|Any CPU
		{D003D9BF-CCE0-4DEF-BB90-6C7B1540E092}.Debug|Any CPU.ActiveCfg = Debug|Any CPU
		{D003D9BF-CCE0-4DEF-BB90-6C7B1540E092}.Debug|Any CPU.Build.0 = Debug|Any CPU
		{D003D9BF-CCE0-4DEF-BB90-6C7B1540E092}.Release|Any CPU.ActiveCfg = Release|Any CPU
		{D003D9BF-CCE0-4DEF-BB90-6C7B1540E092}.Release|Any CPU.Build.0 = Release|Any CPU
	EndGlobalSection
	GlobalSection(SolutionProperties) = preSolution
		HideSolutionNode = FALSE
	EndGlobalSection
	GlobalSection(ExtensibilityGlobals) = postSolution
		SolutionGuid = {BD87FD20-9B04-4DFA-896C-D8F223FA8ACE}
	EndGlobalSection
EndGlobal
